PODS:
  - MozarkEventConstants (2.0)

DEPENDENCIES:
  - MozarkEventConstants

SPEC REPOS:
  https://github.com/CocoaPods/Specs.git:
    - MozarkEventConstants

SPEC CHECKSUMS:
  MozarkEventConstants: 744299cf08cdcb2b19bc473c2e723746b27fd3a0

PODFILE CHECKSUM: cd30eb97bfa2db3df9b8fbc0b0cb1913dc39b522

COCOAPODS: 1.12.0
