PODS:
  - MozarkEventConstants (1.5.21)

DEPENDENCIES:
  - MozarkEventConstants

SPEC REPOS:
  https://github.com/CocoaPods/Specs.git:
    - MozarkEventConstants

SPEC CHECKSUMS:
  MozarkEventConstants: 4a09ef982b6c2513dd9054a2ddc4d4052418e873

PODFILE CHECKSUM: cd30eb97bfa2db3df9b8fbc0b0cb1913dc39b522

COCOAPODS: 1.12.0
